# THIS IS AN AUTOGENERATED FILE. DO NOT EDIT THIS FILE DIRECTLY.
# yarn lockfile v1


"@babel/parser@^7.20.15", "@babel/parser@^7.21.3":
  version "7.22.7"
  resolved "http://registry.m.jd.com/@babel/parser/download/@babel/parser-7.22.7.tgz#df8cf085ce92ddbdbf668a7f186ce848c9036cae"
  integrity sha1-34zwhc6S3b2/Zop/GGzoSMkDbK4=

"@eslint-community/eslint-utils@^4.2.0":
  version "4.4.0"
  resolved "http://registry.m.jd.com/@eslint-community/eslint-utils/download/@eslint-community/eslint-utils-4.4.0.tgz#a23514e8fb9af1269d5f7788aa556798d61c6b59"
  integrity sha1-ojUU6Pua8SadX3eIqlVnmNYca1k=
  dependencies:
    eslint-visitor-keys "^3.3.0"

"@eslint-community/regexpp@^4.4.0":
  version "4.5.1"
  resolved "http://registry.m.jd.com/@eslint-community/regexpp/download/@eslint-community/regexpp-4.5.1.tgz#cdd35dce4fa1a89a4fd42b1599eb35b3af408884"
  integrity sha1-zdNdzk+hqJpP1CsVmes1s69AiIQ=

"@eslint/eslintrc@^2.0.3":
  version "2.0.3"
  resolved "http://registry.m.jd.com/@eslint/eslintrc/download/@eslint/eslintrc-2.0.3.tgz#4910db5505f4d503f27774bf356e3704818a0331"
  integrity sha1-SRDbVQX01QPyd3S/NW43BIGKAzE=
  dependencies:
    ajv "^6.12.4"
    debug "^4.3.2"
    espree "^9.5.2"
    globals "^13.19.0"
    ignore "^5.2.0"
    import-fresh "^3.2.1"
    js-yaml "^4.1.0"
    minimatch "^3.1.2"
    strip-json-comments "^3.1.1"

"@eslint/js@8.41.0":
  version "8.41.0"
  resolved "http://registry.m.jd.com/@eslint/js/download/@eslint/js-8.41.0.tgz#080321c3b68253522f7646b55b577dd99d2950b3"
  integrity sha1-CAMhw7aCU1Ivdka1W1d92Z0pULM=

"@humanwhocodes/config-array@^0.11.8":
  version "0.11.8"
  resolved "http://registry.m.jd.com/@humanwhocodes/config-array/download/@humanwhocodes/config-array-0.11.8.tgz#03595ac2075a4dc0f191cc2131de14fbd7d410b9"
  integrity sha1-A1lawgdaTcDxkcwhMd4U+9fUELk=
  dependencies:
    "@humanwhocodes/object-schema" "^1.2.1"
    debug "^4.1.1"
    minimatch "^3.0.5"

"@humanwhocodes/module-importer@^1.0.1":
  version "1.0.1"
  resolved "http://registry.m.jd.com/@humanwhocodes/module-importer/download/@humanwhocodes/module-importer-1.0.1.tgz#af5b2691a22b44be847b0ca81641c5fb6ad0172c"
  integrity sha1-r1smkaIrRL6EewyoFkHF+2rQFyw=

"@humanwhocodes/object-schema@^1.2.1":
  version "1.2.1"
  resolved "http://registry.m.jd.com/@humanwhocodes/object-schema/download/@humanwhocodes/object-schema-1.2.1.tgz#b520529ec21d8e5945a1851dfd1c32e94e39ff45"
  integrity sha1-tSBSnsIdjllFoYUd/Rwy6U45/0U=

"@jridgewell/sourcemap-codec@^1.4.15":
  version "1.4.15"
  resolved "http://registry.m.jd.com/@jridgewell/sourcemap-codec/download/@jridgewell/sourcemap-codec-1.4.15.tgz#d7c6e6755c78567a951e04ab52ef0fd26de59f32"
  integrity sha1-18bmdVx4VnqVHgSrUu8P0m3lnzI=

"@nodelib/fs.scandir@2.1.5":
  version "2.1.5"
  resolved "http://registry.m.jd.com/@nodelib/fs.scandir/download/@nodelib/fs.scandir-2.1.5.tgz#7619c2eb21b25483f6d167548b4cfd5a7488c3d5"
  integrity sha1-dhnC6yGyVIP20WdUi0z9WnSIw9U=
  dependencies:
    "@nodelib/fs.stat" "2.0.5"
    run-parallel "^1.1.9"

"@nodelib/fs.stat@2.0.5":
  version "2.0.5"
  resolved "http://registry.m.jd.com/@nodelib/fs.stat/download/@nodelib/fs.stat-2.0.5.tgz#5bd262af94e9d25bd1e71b05deed44876a222e8b"
  integrity sha1-W9Jir5Tp0lvR5xsF3u1Eh2oiLos=

"@nodelib/fs.walk@^1.2.8":
  version "1.2.8"
  resolved "http://registry.m.jd.com/@nodelib/fs.walk/download/@nodelib/fs.walk-1.2.8.tgz#e95737e8bb6746ddedf69c556953494f196fe69a"
  integrity sha1-6Vc36LtnRt3t9pxVaVNJTxlv5po=
  dependencies:
    "@nodelib/fs.scandir" "2.1.5"
    fastq "^1.6.0"

"@types/web-bluetooth@^0.0.17":
  version "0.0.17"
  resolved "http://registry.m.jd.com/@types/web-bluetooth/download/@types/web-bluetooth-0.0.17.tgz#5c9f3c617f64a9735d7b72a7cc671e166d900c40"
  integrity sha1-XJ88YX9kqXNde3KnzGceFm2QDEA=

"@vue/compiler-core@3.3.4":
  version "3.3.4"
  resolved "http://registry.m.jd.com/@vue/compiler-core/download/@vue/compiler-core-3.3.4.tgz#7fbf591c1c19e1acd28ffd284526e98b4f581128"
  integrity sha1-f79ZHBwZ4azSj/0oRSbpi09YESg=
  dependencies:
    "@babel/parser" "^7.21.3"
    "@vue/shared" "3.3.4"
    estree-walker "^2.0.2"
    source-map-js "^1.0.2"

"@vue/compiler-dom@3.3.4":
  version "3.3.4"
  resolved "http://registry.m.jd.com/@vue/compiler-dom/download/@vue/compiler-dom-3.3.4.tgz#f56e09b5f4d7dc350f981784de9713d823341151"
  integrity sha1-9W4JtfTX3DUPmBeE3pcT2CM0EVE=
  dependencies:
    "@vue/compiler-core" "3.3.4"
    "@vue/shared" "3.3.4"

"@vue/compiler-sfc@3.3.4":
  version "3.3.4"
  resolved "http://registry.m.jd.com/@vue/compiler-sfc/download/@vue/compiler-sfc-3.3.4.tgz#b19d942c71938893535b46226d602720593001df"
  integrity sha1-sZ2ULHGTiJNTW0YibWAnIFkwAd8=
  dependencies:
    "@babel/parser" "^7.20.15"
    "@vue/compiler-core" "3.3.4"
    "@vue/compiler-dom" "3.3.4"
    "@vue/compiler-ssr" "3.3.4"
    "@vue/reactivity-transform" "3.3.4"
    "@vue/shared" "3.3.4"
    estree-walker "^2.0.2"
    magic-string "^0.30.0"
    postcss "^8.1.10"
    source-map-js "^1.0.2"

"@vue/compiler-ssr@3.3.4":
  version "3.3.4"
  resolved "http://registry.m.jd.com/@vue/compiler-ssr/download/@vue/compiler-ssr-3.3.4.tgz#9d1379abffa4f2b0cd844174ceec4a9721138777"
  integrity sha1-nRN5q/+k8rDNhEF0zuxKlyETh3c=
  dependencies:
    "@vue/compiler-dom" "3.3.4"
    "@vue/shared" "3.3.4"

"@vue/reactivity-transform@3.3.4":
  version "3.3.4"
  resolved "http://registry.m.jd.com/@vue/reactivity-transform/download/@vue/reactivity-transform-3.3.4.tgz#52908476e34d6a65c6c21cd2722d41ed8ae51929"
  integrity sha1-UpCEduNNamXGwhzSci1B7YrlGSk=
  dependencies:
    "@babel/parser" "^7.20.15"
    "@vue/compiler-core" "3.3.4"
    "@vue/shared" "3.3.4"
    estree-walker "^2.0.2"
    magic-string "^0.30.0"

"@vue/reactivity@3.3.4":
  version "3.3.4"
  resolved "http://registry.m.jd.com/@vue/reactivity/download/@vue/reactivity-3.3.4.tgz#a27a29c6cd17faba5a0e99fbb86ee951653e2253"
  integrity sha1-onopxs0X+rpaDpn7uG7pUWU+IlM=
  dependencies:
    "@vue/shared" "3.3.4"

"@vue/runtime-core@3.3.4":
  version "3.3.4"
  resolved "http://registry.m.jd.com/@vue/runtime-core/download/@vue/runtime-core-3.3.4.tgz#4bb33872bbb583721b340f3088888394195967d1"
  integrity sha1-S7M4cru1g3IbNA8wiIiDlBlZZ9E=
  dependencies:
    "@vue/reactivity" "3.3.4"
    "@vue/shared" "3.3.4"

"@vue/runtime-dom@3.3.4":
  version "3.3.4"
  resolved "http://registry.m.jd.com/@vue/runtime-dom/download/@vue/runtime-dom-3.3.4.tgz#992f2579d0ed6ce961f47bbe9bfe4b6791251566"
  integrity sha1-mS8ledDtbOlh9Hu+m/5LZ5ElFWY=
  dependencies:
    "@vue/runtime-core" "3.3.4"
    "@vue/shared" "3.3.4"
    csstype "^3.1.1"

"@vue/server-renderer@3.3.4":
  version "3.3.4"
  resolved "http://registry.m.jd.com/@vue/server-renderer/download/@vue/server-renderer-3.3.4.tgz#ea46594b795d1536f29bc592dd0f6655f7ea4c4c"
  integrity sha1-6kZZS3ldFTbym8WS3Q9mVffqTEw=
  dependencies:
    "@vue/compiler-ssr" "3.3.4"
    "@vue/shared" "3.3.4"

"@vue/shared@3.3.4":
  version "3.3.4"
  resolved "http://registry.m.jd.com/@vue/shared/download/@vue/shared-3.3.4.tgz#06e83c5027f464eef861c329be81454bc8b70780"
  integrity sha1-Bug8UCf0ZO74YcMpvoFFS8i3B4A=

"@vueuse/core@^10.2.1":
  version "10.2.1"
  resolved "http://registry.m.jd.com/@vueuse/core/download/@vueuse/core-10.2.1.tgz#a62b54cdaf1496138a9f8a7df7f9d644892b421f"
  integrity sha1-pitUza8UlhOKn4p99/nWRIkrQh8=
  dependencies:
    "@types/web-bluetooth" "^0.0.17"
    "@vueuse/metadata" "10.2.1"
    "@vueuse/shared" "10.2.1"
    vue-demi ">=0.14.5"

"@vueuse/metadata@10.2.1":
  version "10.2.1"
  resolved "http://registry.m.jd.com/@vueuse/metadata/download/@vueuse/metadata-10.2.1.tgz#0865066def62ed97629c417ec79678d508d22934"
  integrity sha1-CGUGbe9i7ZdinEF+x5Z41QjSKTQ=

"@vueuse/shared@10.2.1":
  version "10.2.1"
  resolved "http://registry.m.jd.com/@vueuse/shared/download/@vueuse/shared-10.2.1.tgz#0fd0a5dd014b7713b7fe03347b30fad69bb15b30"
  integrity sha1-D9Cl3QFLdxO3/gM0ezD61puxWzA=
  dependencies:
    vue-demi ">=0.14.5"

acorn-jsx@^5.3.2:
  version "5.3.2"
  resolved "http://registry.m.jd.com/acorn-jsx/download/acorn-jsx-5.3.2.tgz#7ed5bb55908b3b2f1bc55c6af1653bada7f07937"
  integrity sha1-ftW7VZCLOy8bxVxq8WU7rafweTc=

acorn@^8.8.0:
  version "8.8.2"
  resolved "http://registry.m.jd.com/acorn/download/acorn-8.8.2.tgz#1b2f25db02af965399b9776b0c2c391276d37c4a"
  integrity sha1-Gy8l2wKvllOZuXdrDCw5EnbTfEo=

ajv@^6.10.0, ajv@^6.12.4:
  version "6.12.6"
  resolved "http://registry.m.jd.com/ajv/download/ajv-6.12.6.tgz#baf5a62e802b07d977034586f8c3baf5adf26df4"
  integrity sha1-uvWmLoArB9l3A0WG+MO69a3ybfQ=
  dependencies:
    fast-deep-equal "^3.1.1"
    fast-json-stable-stringify "^2.0.0"
    json-schema-traverse "^0.4.1"
    uri-js "^4.2.2"

ansi-regex@^5.0.1:
  version "5.0.1"
  resolved "http://registry.m.jd.com/ansi-regex/download/ansi-regex-5.0.1.tgz#082cb2c89c9fe8659a311a53bd6a4dc5301db304"
  integrity sha1-CCyyyJyf6GWaMRpTvWpNxTAdswQ=

ansi-styles@^4.1.0:
  version "4.3.0"
  resolved "http://registry.m.jd.com/ansi-styles/download/ansi-styles-4.3.0.tgz#edd803628ae71c04c85ae7a0906edad34b648937"
  integrity sha1-7dgDYornHATIWuegkG7a00tkiTc=
  dependencies:
    color-convert "^2.0.1"

argparse@^2.0.1:
  version "2.0.1"
  resolved "http://registry.m.jd.com/argparse/download/argparse-2.0.1.tgz#246f50f3ca78a3240f6c997e8a9bd1eac49e4b38"
  integrity sha1-JG9Q88p4oyQPbJl+ipvR6sSeSzg=

balanced-match@^1.0.0:
  version "1.0.2"
  resolved "http://registry.m.jd.com/balanced-match/download/balanced-match-1.0.2.tgz#e83e3a7e3f300b34cb9d87f615fa0cbf357690ee"
  integrity sha1-6D46fj8wCzTLnYf2FfoMvzV2kO4=

brace-expansion@^1.1.7:
  version "1.1.11"
  resolved "http://registry.m.jd.com/brace-expansion/download/brace-expansion-1.1.11.tgz#3c7fcbf529d87226f3d2f52b966ff5271eb441dd"
  integrity sha1-PH/L9SnYcibz0vUrlm/1Jx60Qd0=
  dependencies:
    balanced-match "^1.0.0"
    concat-map "0.0.1"

callsites@^3.0.0:
  version "3.1.0"
  resolved "http://registry.m.jd.com/callsites/download/callsites-3.1.0.tgz#b3630abd8943432f54b3f0519238e33cd7df2f73"
  integrity sha1-s2MKvYlDQy9Us/BRkjjjPNffL3M=

chalk@^4.0.0:
  version "4.1.2"
  resolved "http://registry.m.jd.com/chalk/download/chalk-4.1.2.tgz#aac4e2b7734a740867aeb16bf02aad556a1e7a01"
  integrity sha1-qsTit3NKdAhnrrFr8CqtVWoeegE=
  dependencies:
    ansi-styles "^4.1.0"
    supports-color "^7.1.0"

color-convert@^2.0.1:
  version "2.0.1"
  resolved "http://registry.m.jd.com/color-convert/download/color-convert-2.0.1.tgz#72d3a68d598c9bdb3af2ad1e84f21d896abd4de3"
  integrity sha1-ctOmjVmMm9s68q0ehPIdiWq9TeM=
  dependencies:
    color-name "~1.1.4"

color-name@~1.1.4:
  version "1.1.4"
  resolved "http://registry.m.jd.com/color-name/download/color-name-1.1.4.tgz#c2a09a87acbde69543de6f63fa3995c826c536a2"
  integrity sha1-wqCah6y95pVD3m9j+jmVyCbFNqI=

concat-map@0.0.1:
  version "0.0.1"
  resolved "http://registry.m.jd.com/concat-map/download/concat-map-0.0.1.tgz#d8a96bd77fd68df7793a73036a3ba0d5405d477b"
  integrity sha1-2Klr13/Wjfd5OnMDajug1UBdR3s=

cross-spawn@^7.0.2:
  version "7.0.3"
  resolved "http://registry.m.jd.com/cross-spawn/download/cross-spawn-7.0.3.tgz#f73a85b9d5d41d045551c177e2882d4ac85728a6"
  integrity sha1-9zqFudXUHQRVUcF34ogtSshXKKY=
  dependencies:
    path-key "^3.1.0"
    shebang-command "^2.0.0"
    which "^2.0.1"

csstype@^3.1.1:
  version "3.1.2"
  resolved "http://registry.m.jd.com/csstype/download/csstype-3.1.2.tgz#1d4bf9d572f11c14031f0436e1c10bc1f571f50b"
  integrity sha1-HUv51XLxHBQDHwQ24cELwfVx9Qs=

debug@^4.1.1, debug@^4.3.2:
  version "4.3.4"
  resolved "http://registry.m.jd.com/debug/download/debug-4.3.4.tgz#1319f6579357f2338d3337d2cdd4914bb5dcc865"
  integrity sha1-Exn2V5NX8jONMzfSzdSRS7XcyGU=
  dependencies:
    ms "2.1.2"

deep-is@^0.1.3:
  version "0.1.4"
  resolved "http://registry.m.jd.com/deep-is/download/deep-is-0.1.4.tgz#a6f2dce612fadd2ef1f519b73551f17e85199831"
  integrity sha1-pvLc5hL63S7x9Rm3NVHxfoUZmDE=

doctrine@^3.0.0:
  version "3.0.0"
  resolved "http://registry.m.jd.com/doctrine/download/doctrine-3.0.0.tgz#addebead72a6574db783639dc87a121773973961"
  integrity sha1-rd6+rXKmV023g2OdyHoSF3OXOWE=
  dependencies:
    esutils "^2.0.2"

escape-string-regexp@^4.0.0:
  version "4.0.0"
  resolved "http://registry.m.jd.com/escape-string-regexp/download/escape-string-regexp-4.0.0.tgz#14ba83a5d373e3d311e5afca29cf5bfad965bf34"
  integrity sha1-FLqDpdNz49MR5a/KKc9b+tllvzQ=

eslint-plugin-react-hooks@^4.6.0:
  version "4.6.0"
  resolved "http://registry.m.jd.com/eslint-plugin-react-hooks/download/eslint-plugin-react-hooks-4.6.0.tgz#4c3e697ad95b77e93f8646aaa1630c1ba607edd3"
  integrity sha1-TD5petlbd+k/hkaqoWMMG6YH7dM=

eslint-plugin-react-refresh@^0.3.4:
  version "0.3.4"
  resolved "http://registry.m.jd.com/eslint-plugin-react-refresh/download/eslint-plugin-react-refresh-0.3.4.tgz#586eeac5f4a95d2520824dba68511540e62c8491"
  integrity sha1-WG7qxfSpXSUggk26aFEVQOYshJE=

eslint-scope@^7.2.0:
  version "7.2.0"
  resolved "http://registry.m.jd.com/eslint-scope/download/eslint-scope-7.2.0.tgz#f21ebdafda02352f103634b96dd47d9f81ca117b"
  integrity sha1-8h69r9oCNS8QNjS5bdR9n4HKEXs=
  dependencies:
    esrecurse "^4.3.0"
    estraverse "^5.2.0"

eslint-visitor-keys@^3.3.0, eslint-visitor-keys@^3.4.1:
  version "3.4.1"
  resolved "http://registry.m.jd.com/eslint-visitor-keys/download/eslint-visitor-keys-3.4.1.tgz#c22c48f48942d08ca824cc526211ae400478a994"
  integrity sha1-wixI9IlC0IyoJMxSYhGuQAR4qZQ=

eslint@^8.38.0:
  version "8.41.0"
  resolved "http://registry.m.jd.com/eslint/download/eslint-8.41.0.tgz#3062ca73363b4714b16dbc1e60f035e6134b6f1c"
  integrity sha1-MGLKczY7RxSxbbweYPA15hNLbxw=
  dependencies:
    "@eslint-community/eslint-utils" "^4.2.0"
    "@eslint-community/regexpp" "^4.4.0"
    "@eslint/eslintrc" "^2.0.3"
    "@eslint/js" "8.41.0"
    "@humanwhocodes/config-array" "^0.11.8"
    "@humanwhocodes/module-importer" "^1.0.1"
    "@nodelib/fs.walk" "^1.2.8"
    ajv "^6.10.0"
    chalk "^4.0.0"
    cross-spawn "^7.0.2"
    debug "^4.3.2"
    doctrine "^3.0.0"
    escape-string-regexp "^4.0.0"
    eslint-scope "^7.2.0"
    eslint-visitor-keys "^3.4.1"
    espree "^9.5.2"
    esquery "^1.4.2"
    esutils "^2.0.2"
    fast-deep-equal "^3.1.3"
    file-entry-cache "^6.0.1"
    find-up "^5.0.0"
    glob-parent "^6.0.2"
    globals "^13.19.0"
    graphemer "^1.4.0"
    ignore "^5.2.0"
    import-fresh "^3.0.0"
    imurmurhash "^0.1.4"
    is-glob "^4.0.0"
    is-path-inside "^3.0.3"
    js-yaml "^4.1.0"
    json-stable-stringify-without-jsonify "^1.0.1"
    levn "^0.4.1"
    lodash.merge "^4.6.2"
    minimatch "^3.1.2"
    natural-compare "^1.4.0"
    optionator "^0.9.1"
    strip-ansi "^6.0.1"
    strip-json-comments "^3.1.0"
    text-table "^0.2.0"

espree@^9.5.2:
  version "9.5.2"
  resolved "http://registry.m.jd.com/espree/download/espree-9.5.2.tgz#e994e7dc33a082a7a82dceaf12883a829353215b"
  integrity sha1-6ZTn3DOggqeoLc6vEog6gpNTIVs=
  dependencies:
    acorn "^8.8.0"
    acorn-jsx "^5.3.2"
    eslint-visitor-keys "^3.4.1"

esquery@^1.4.2:
  version "1.5.0"
  resolved "http://registry.m.jd.com/esquery/download/esquery-1.5.0.tgz#6ce17738de8577694edd7361c57182ac8cb0db0b"
  integrity sha1-bOF3ON6Fd2lO3XNhxXGCrIyw2ws=
  dependencies:
    estraverse "^5.1.0"

esrecurse@^4.3.0:
  version "4.3.0"
  resolved "http://registry.m.jd.com/esrecurse/download/esrecurse-4.3.0.tgz#7ad7964d679abb28bee72cec63758b1c5d2c9921"
  integrity sha1-eteWTWeauyi+5yzsY3WLHF0smSE=
  dependencies:
    estraverse "^5.2.0"

estraverse@^5.1.0, estraverse@^5.2.0:
  version "5.3.0"
  resolved "http://registry.m.jd.com/estraverse/download/estraverse-5.3.0.tgz#2eea5290702f26ab8fe5370370ff86c965d21123"
  integrity sha1-LupSkHAvJquP5TcDcP+GyWXSESM=

estree-walker@^2.0.2:
  version "2.0.2"
  resolved "http://registry.m.jd.com/estree-walker/download/estree-walker-2.0.2.tgz#52f010178c2a4c117a7757cfe942adb7d2da4cac"
  integrity sha1-UvAQF4wqTBF6d1fP6UKtt9LaTKw=

esutils@^2.0.2:
  version "2.0.3"
  resolved "http://registry.m.jd.com/esutils/download/esutils-2.0.3.tgz#74d2eb4de0b8da1293711910d50775b9b710ef64"
  integrity sha1-dNLrTeC42hKTcRkQ1Qd1ubcQ72Q=

fast-deep-equal@^3.1.1, fast-deep-equal@^3.1.3:
  version "3.1.3"
  resolved "http://registry.m.jd.com/fast-deep-equal/download/fast-deep-equal-3.1.3.tgz#3a7d56b559d6cbc3eb512325244e619a65c6c525"
  integrity sha1-On1WtVnWy8PrUSMlJE5hmmXGxSU=

fast-json-stable-stringify@^2.0.0:
  version "2.1.0"
  resolved "http://registry.m.jd.com/fast-json-stable-stringify/download/fast-json-stable-stringify-2.1.0.tgz#874bf69c6f404c2b5d99c481341399fd55892633"
  integrity sha1-h0v2nG9ATCtdmcSBNBOZ/VWJJjM=

fast-levenshtein@^2.0.6:
  version "2.0.6"
  resolved "http://registry.m.jd.com/fast-levenshtein/download/fast-levenshtein-2.0.6.tgz#3d8a5c66883a16a30ca8643e851f19baa7797917"
  integrity sha1-PYpcZog6FqMMqGQ+hR8Zuqd5eRc=

fastq@^1.6.0:
  version "1.15.0"
  resolved "http://registry.m.jd.com/fastq/download/fastq-1.15.0.tgz#d04d07c6a2a68fe4599fea8d2e103a937fae6b3a"
  integrity sha1-0E0HxqKmj+RZn+qNLhA6k3+uazo=
  dependencies:
    reusify "^1.0.4"

file-entry-cache@^6.0.1:
  version "6.0.1"
  resolved "http://registry.m.jd.com/file-entry-cache/download/file-entry-cache-6.0.1.tgz#211b2dd9659cb0394b073e7323ac3c933d522027"
  integrity sha1-IRst2WWcsDlLBz5zI6w8kz1SICc=
  dependencies:
    flat-cache "^3.0.4"

find-up@^5.0.0:
  version "5.0.0"
  resolved "http://registry.m.jd.com/find-up/download/find-up-5.0.0.tgz#4c92819ecb7083561e4f4a240a86be5198f536fc"
  integrity sha1-TJKBnstwg1YeT0okCoa+UZj1Nvw=
  dependencies:
    locate-path "^6.0.0"
    path-exists "^4.0.0"

flat-cache@^3.0.4:
  version "3.0.4"
  resolved "http://registry.m.jd.com/flat-cache/download/flat-cache-3.0.4.tgz#61b0338302b2fe9f957dcc32fc2a87f1c3048b11"
  integrity sha1-YbAzgwKy/p+Vfcwy/CqH8cMEixE=
  dependencies:
    flatted "^3.1.0"
    rimraf "^3.0.2"

flatted@^3.1.0:
  version "3.2.7"
  resolved "http://registry.m.jd.com/flatted/download/flatted-3.2.7.tgz#609f39207cb614b89d0765b477cb2d437fbf9787"
  integrity sha1-YJ85IHy2FLidB2W0d8stQ3+/l4c=

fs.realpath@^1.0.0:
  version "1.0.0"
  resolved "http://registry.m.jd.com/fs.realpath/download/fs.realpath-1.0.0.tgz#1504ad2523158caa40db4a2787cb01411994ea4f"
  integrity sha1-FQStJSMVjKpA20onh8sBQRmU6k8=

glob-parent@^6.0.2:
  version "6.0.2"
  resolved "http://registry.m.jd.com/glob-parent/download/glob-parent-6.0.2.tgz#6d237d99083950c79290f24c7642a3de9a28f9e3"
  integrity sha1-bSN9mQg5UMeSkPJMdkKj3poo+eM=
  dependencies:
    is-glob "^4.0.3"

glob@^7.1.3:
  version "7.2.3"
  resolved "http://registry.m.jd.com/glob/download/glob-7.2.3.tgz#b8df0fb802bbfa8e89bd1d938b4e16578ed44f2b"
  integrity sha1-uN8PuAK7+o6JvR2Ti04WV47UTys=
  dependencies:
    fs.realpath "^1.0.0"
    inflight "^1.0.4"
    inherits "2"
    minimatch "^3.1.1"
    once "^1.3.0"
    path-is-absolute "^1.0.0"

globals@^13.19.0:
  version "13.20.0"
  resolved "http://registry.m.jd.com/globals/download/globals-13.20.0.tgz#ea276a1e508ffd4f1612888f9d1bad1e2717bf82"
  integrity sha1-6idqHlCP/U8WEoiPnRutHicXv4I=
  dependencies:
    type-fest "^0.20.2"

graphemer@^1.4.0:
  version "1.4.0"
  resolved "http://registry.m.jd.com/graphemer/download/graphemer-1.4.0.tgz#fb2f1d55e0e3a1849aeffc90c4fa0dd53a0e66c6"
  integrity sha1-+y8dVeDjoYSa7/yQxPoN1ToOZsY=

has-flag@^4.0.0:
  version "4.0.0"
  resolved "http://registry.m.jd.com/has-flag/download/has-flag-4.0.0.tgz#944771fd9c81c81265c4d6941860da06bb59479b"
  integrity sha1-lEdx/ZyByBJlxNaUGGDaBrtZR5s=

ignore@^5.2.0:
  version "5.2.4"
  resolved "http://registry.m.jd.com/ignore/download/ignore-5.2.4.tgz#a291c0c6178ff1b960befe47fcdec301674a6324"
  integrity sha1-opHAxheP8blgvv5H/N7DAWdKYyQ=

import-fresh@^3.0.0, import-fresh@^3.2.1:
  version "3.3.0"
  resolved "http://registry.m.jd.com/import-fresh/download/import-fresh-3.3.0.tgz#37162c25fcb9ebaa2e6e53d5b4d88ce17d9e0c2b"
  integrity sha1-NxYsJfy566oublPVtNiM4X2eDCs=
  dependencies:
    parent-module "^1.0.0"
    resolve-from "^4.0.0"

imurmurhash@^0.1.4:
  version "0.1.4"
  resolved "http://registry.m.jd.com/imurmurhash/download/imurmurhash-0.1.4.tgz#9218b9b2b928a238b13dc4fb6b6d576f231453ea"
  integrity sha1-khi5srkoojixPcT7a21XbyMUU+o=

inflight@^1.0.4:
  version "1.0.6"
  resolved "http://registry.m.jd.com/inflight/download/inflight-1.0.6.tgz#49bd6331d7d02d0c09bc910a1075ba8165b56df9"
  integrity sha1-Sb1jMdfQLQwJvJEKEHW6gWW1bfk=
  dependencies:
    once "^1.3.0"
    wrappy "1"

inherits@2:
  version "2.0.4"
  resolved "http://registry.m.jd.com/inherits/download/inherits-2.0.4.tgz#0fa2c64f932917c3433a0ded55363aae37416b7c"
  integrity sha1-D6LGT5MpF8NDOg3tVTY6rjdBa3w=

is-extglob@^2.1.1:
  version "2.1.1"
  resolved "http://registry.m.jd.com/is-extglob/download/is-extglob-2.1.1.tgz#a88c02535791f02ed37c76a1b9ea9773c833f8c2"
  integrity sha1-qIwCU1eR8C7TfHahueqXc8gz+MI=

is-glob@^4.0.0, is-glob@^4.0.3:
  version "4.0.3"
  resolved "http://registry.m.jd.com/is-glob/download/is-glob-4.0.3.tgz#64f61e42cbbb2eec2071a9dac0b28ba1e65d5084"
  integrity sha1-ZPYeQsu7LuwgcanawLKLoeZdUIQ=
  dependencies:
    is-extglob "^2.1.1"

is-path-inside@^3.0.3:
  version "3.0.3"
  resolved "http://registry.m.jd.com/is-path-inside/download/is-path-inside-3.0.3.tgz#d231362e53a07ff2b0e0ea7fed049161ffd16283"
  integrity sha1-0jE2LlOgf/Kw4Op/7QSRYf/RYoM=

isexe@^2.0.0:
  version "2.0.0"
  resolved "http://registry.m.jd.com/isexe/download/isexe-2.0.0.tgz#e8fbf374dc556ff8947a10dcb0572d633f2cfa10"
  integrity sha1-6PvzdNxVb/iUehDcsFctYz8s+hA=

js-yaml@^4.1.0:
  version "4.1.0"
  resolved "http://registry.m.jd.com/js-yaml/download/js-yaml-4.1.0.tgz#c1fb65f8f5017901cdd2c951864ba18458a10602"
  integrity sha1-wftl+PUBeQHN0slRhkuhhFihBgI=
  dependencies:
    argparse "^2.0.1"

json-schema-traverse@^0.4.1:
  version "0.4.1"
  resolved "http://registry.m.jd.com/json-schema-traverse/download/json-schema-traverse-0.4.1.tgz#69f6a87d9513ab8bb8fe63bdb0979c448e684660"
  integrity sha1-afaofZUTq4u4/mO9sJecRI5oRmA=

json-stable-stringify-without-jsonify@^1.0.1:
  version "1.0.1"
  resolved "http://registry.m.jd.com/json-stable-stringify-without-jsonify/download/json-stable-stringify-without-jsonify-1.0.1.tgz#9db7b59496ad3f3cfef30a75142d2d930ad72651"
  integrity sha1-nbe1lJatPzz+8wp1FC0tkwrXJlE=

levn@^0.4.1:
  version "0.4.1"
  resolved "http://registry.m.jd.com/levn/download/levn-0.4.1.tgz#ae4562c007473b932a6200d403268dd2fffc6ade"
  integrity sha1-rkViwAdHO5MqYgDUAyaN0v/8at4=
  dependencies:
    prelude-ls "^1.2.1"
    type-check "~0.4.0"

locate-path@^6.0.0:
  version "6.0.0"
  resolved "http://registry.m.jd.com/locate-path/download/locate-path-6.0.0.tgz#55321eb309febbc59c4801d931a72452a681d286"
  integrity sha1-VTIeswn+u8WcSAHZMackUqaB0oY=
  dependencies:
    p-locate "^5.0.0"

lodash.merge@^4.6.2:
  version "4.6.2"
  resolved "http://registry.m.jd.com/lodash.merge/download/lodash.merge-4.6.2.tgz#558aa53b43b661e1925a0afdfa36a9a1085fe57a"
  integrity sha1-VYqlO0O2YeGSWgr9+japoQhf5Xo=

magic-string@^0.30.0:
  version "0.30.1"
  resolved "http://registry.m.jd.com/magic-string/download/magic-string-0.30.1.tgz#ce5cd4b0a81a5d032bd69aab4522299b2166284d"
  integrity sha1-zlzUsKgaXQMr1pqrRSIpmyFmKE0=
  dependencies:
    "@jridgewell/sourcemap-codec" "^1.4.15"

minimatch@^3.0.5, minimatch@^3.1.1, minimatch@^3.1.2:
  version "3.1.2"
  resolved "http://registry.m.jd.com/minimatch/download/minimatch-3.1.2.tgz#19cd194bfd3e428f049a70817c038d89ab4be35b"
  integrity sha1-Gc0ZS/0+Qo8EmnCBfAONiatL41s=
  dependencies:
    brace-expansion "^1.1.7"

ms@2.1.2:
  version "2.1.2"
  resolved "http://registry.m.jd.com/ms/download/ms-2.1.2.tgz#d09d1f357b443f493382a8eb3ccd183872ae6009"
  integrity sha1-0J0fNXtEP0kzgqjrPM0YOHKuYAk=

nanoid@^3.3.6:
  version "3.3.6"
  resolved "http://registry.m.jd.com/nanoid/download/nanoid-3.3.6.tgz#443380c856d6e9f9824267d960b4236ad583ea4c"
  integrity sha1-RDOAyFbW6fmCQmfZYLQjatWD6kw=

natural-compare@^1.4.0:
  version "1.4.0"
  resolved "http://registry.m.jd.com/natural-compare/download/natural-compare-1.4.0.tgz#4abebfeed7541f2c27acfb29bdbbd15c8d5ba4f7"
  integrity sha1-Sr6/7tdUHywnrPspvbvRXI1bpPc=

once@^1.3.0:
  version "1.4.0"
  resolved "http://registry.m.jd.com/once/download/once-1.4.0.tgz#583b1aa775961d4b113ac17d9c50baef9dd76bd1"
  integrity sha1-WDsap3WWHUsROsF9nFC6753Xa9E=
  dependencies:
    wrappy "1"

optionator@^0.9.1:
  version "0.9.1"
  resolved "http://registry.m.jd.com/optionator/download/optionator-0.9.1.tgz#4f236a6373dae0566a6d43e1326674f50c291499"
  integrity sha1-TyNqY3Pa4FZqbUPhMmZ09QwpFJk=
  dependencies:
    deep-is "^0.1.3"
    fast-levenshtein "^2.0.6"
    levn "^0.4.1"
    prelude-ls "^1.2.1"
    type-check "^0.4.0"
    word-wrap "^1.2.3"

p-limit@^3.0.2:
  version "3.1.0"
  resolved "http://registry.m.jd.com/p-limit/download/p-limit-3.1.0.tgz#e1daccbe78d0d1388ca18c64fea38e3e57e3706b"
  integrity sha1-4drMvnjQ0TiMoYxk/qOOPlfjcGs=
  dependencies:
    yocto-queue "^0.1.0"

p-locate@^5.0.0:
  version "5.0.0"
  resolved "http://registry.m.jd.com/p-locate/download/p-locate-5.0.0.tgz#83c8315c6785005e3bd021839411c9e110e6d834"
  integrity sha1-g8gxXGeFAF470CGDlBHJ4RDm2DQ=
  dependencies:
    p-limit "^3.0.2"

parent-module@^1.0.0:
  version "1.0.1"
  resolved "http://registry.m.jd.com/parent-module/download/parent-module-1.0.1.tgz#691d2709e78c79fae3a156622452d00762caaaa2"
  integrity sha1-aR0nCeeMefrjoVZiJFLQB2LKqqI=
  dependencies:
    callsites "^3.0.0"

path-exists@^4.0.0:
  version "4.0.0"
  resolved "http://registry.m.jd.com/path-exists/download/path-exists-4.0.0.tgz#513bdbe2d3b95d7762e8c1137efa195c6c61b5b3"
  integrity sha1-UTvb4tO5XXdi6METfvoZXGxhtbM=

path-is-absolute@^1.0.0:
  version "1.0.1"
  resolved "http://registry.m.jd.com/path-is-absolute/download/path-is-absolute-1.0.1.tgz#174b9268735534ffbc7ace6bf53a5a9e1b5c5f5f"
  integrity sha1-F0uSaHNVNP+8es5r9TpanhtcX18=

path-key@^3.1.0:
  version "3.1.1"
  resolved "http://registry.m.jd.com/path-key/download/path-key-3.1.1.tgz#581f6ade658cbba65a0d3380de7753295054f375"
  integrity sha1-WB9q3mWMu6ZaDTOA3ndTKVBU83U=

picocolors@^1.0.0:
  version "1.0.0"
  resolved "http://registry.m.jd.com/picocolors/download/picocolors-1.0.0.tgz#cb5bdc74ff3f51892236eaf79d68bc44564ab81c"
  integrity sha1-y1vcdP8/UYkiNur3nWi8RFZKuBw=

postcss@^8.1.10:
  version "8.4.25"
  resolved "http://registry.m.jd.com/postcss/download/postcss-8.4.25.tgz#4a133f5e379eda7f61e906c3b1aaa9b81292726f"
  integrity sha1-ShM/Xjee2n9h6QbDsaqpuBKScm8=
  dependencies:
    nanoid "^3.3.6"
    picocolors "^1.0.0"
    source-map-js "^1.0.2"

prelude-ls@^1.2.1:
  version "1.2.1"
  resolved "http://registry.m.jd.com/prelude-ls/download/prelude-ls-1.2.1.tgz#debc6489d7a6e6b0e7611888cec880337d316396"
  integrity sha1-3rxkidem5rDnYRiIzsiAM30xY5Y=

punycode@^2.1.0:
  version "2.3.0"
  resolved "http://registry.m.jd.com/punycode/download/punycode-2.3.0.tgz#f67fa67c94da8f4d0cfff981aee4118064199b8f"
  integrity sha1-9n+mfJTaj00M//mBruQRgGQZm48=

queue-microtask@^1.2.2:
  version "1.2.3"
  resolved "http://registry.m.jd.com/queue-microtask/download/queue-microtask-1.2.3.tgz#4929228bbc724dfac43e0efb058caf7b6cfb6243"
  integrity sha1-SSkii7xyTfrEPg77BYyve2z7YkM=

resolve-from@^4.0.0:
  version "4.0.0"
  resolved "http://registry.m.jd.com/resolve-from/download/resolve-from-4.0.0.tgz#4abcd852ad32dd7baabfe9b40e00a36db5f392e6"
  integrity sha1-SrzYUq0y3Xuqv+m0DgCjbbXzkuY=

reusify@^1.0.4:
  version "1.0.4"
  resolved "http://registry.m.jd.com/reusify/download/reusify-1.0.4.tgz#90da382b1e126efc02146e90845a88db12925d76"
  integrity sha1-kNo4Kx4SbvwCFG6QhFqI2xKSXXY=

rimraf@^3.0.2:
  version "3.0.2"
  resolved "http://registry.m.jd.com/rimraf/download/rimraf-3.0.2.tgz#f1a5402ba6220ad52cc1282bac1ae3aa49fd061a"
  integrity sha1-8aVAK6YiCtUswSgrrBrjqkn9Bho=
  dependencies:
    glob "^7.1.3"

run-parallel@^1.1.9:
  version "1.2.0"
  resolved "http://registry.m.jd.com/run-parallel/download/run-parallel-1.2.0.tgz#66d1368da7bdf921eb9d95bd1a9229e7f21a43ee"
  integrity sha1-ZtE2jae9+SHrnZW9GpIp5/IaQ+4=
  dependencies:
    queue-microtask "^1.2.2"

shebang-command@^2.0.0:
  version "2.0.0"
  resolved "http://registry.m.jd.com/shebang-command/download/shebang-command-2.0.0.tgz#ccd0af4f8835fbdc265b82461aaf0c36663f34ea"
  integrity sha1-zNCvT4g1+9wmW4JGGq8MNmY/NOo=
  dependencies:
    shebang-regex "^3.0.0"

shebang-regex@^3.0.0:
  version "3.0.0"
  resolved "http://registry.m.jd.com/shebang-regex/download/shebang-regex-3.0.0.tgz#ae16f1644d873ecad843b0307b143362d4c42172"
  integrity sha1-rhbxZE2HPsrYQ7AwexQzYtTEIXI=

source-map-js@^1.0.2:
  version "1.0.2"
  resolved "http://registry.m.jd.com/source-map-js/download/source-map-js-1.0.2.tgz#adbc361d9c62df380125e7f161f71c826f1e490c"
  integrity sha1-rbw2HZxi3zgBJefxYfccgm8eSQw=

strip-ansi@^6.0.1:
  version "6.0.1"
  resolved "http://registry.m.jd.com/strip-ansi/download/strip-ansi-6.0.1.tgz#9e26c63d30f53443e9489495b2105d37b67a85d9"
  integrity sha1-nibGPTD1NEPpSJSVshBdN7Z6hdk=
  dependencies:
    ansi-regex "^5.0.1"

strip-json-comments@^3.1.0, strip-json-comments@^3.1.1:
  version "3.1.1"
  resolved "http://registry.m.jd.com/strip-json-comments/download/strip-json-comments-3.1.1.tgz#31f1281b3832630434831c310c01cccda8cbe006"
  integrity sha1-MfEoGzgyYwQ0gxwxDAHMzajL4AY=

supports-color@^7.1.0:
  version "7.2.0"
  resolved "http://registry.m.jd.com/supports-color/download/supports-color-7.2.0.tgz#1b7dcdcb32b8138801b3e478ba6a51caa89648da"
  integrity sha1-G33NyzK4E4gBs+R4umpRyqiWSNo=
  dependencies:
    has-flag "^4.0.0"

text-table@^0.2.0:
  version "0.2.0"
  resolved "http://registry.m.jd.com/text-table/download/text-table-0.2.0.tgz#7f5ee823ae805207c00af2df4a84ec3fcfa570b4"
  integrity sha1-f17oI66AUgfACvLfSoTsP8+lcLQ=

type-check@^0.4.0, type-check@~0.4.0:
  version "0.4.0"
  resolved "http://registry.m.jd.com/type-check/download/type-check-0.4.0.tgz#07b8203bfa7056c0657050e3ccd2c37730bab8f1"
  integrity sha1-B7ggO/pwVsBlcFDjzNLDdzC6uPE=
  dependencies:
    prelude-ls "^1.2.1"

type-fest@^0.20.2:
  version "0.20.2"
  resolved "http://registry.m.jd.com/type-fest/download/type-fest-0.20.2.tgz#1bf207f4b28f91583666cb5fbd327887301cd5f4"
  integrity sha1-G/IH9LKPkVg2ZstfvTJ4hzAc1fQ=

uri-js@^4.2.2:
  version "4.4.1"
  resolved "http://registry.m.jd.com/uri-js/download/uri-js-4.4.1.tgz#9b1a52595225859e55f669d928f88c6c57f2a77e"
  integrity sha1-mxpSWVIlhZ5V9mnZKPiMbFfyp34=
  dependencies:
    punycode "^2.1.0"

use-sync-external-store@1.2.0:
  version "1.2.0"
  resolved "http://registry.m.jd.com/use-sync-external-store/download/use-sync-external-store-1.2.0.tgz#7dbefd6ef3fe4e767a0cf5d7287aacfb5846928a"
  integrity sha1-fb79bvP+TnZ6DPXXKHqs+1hGkoo=

vue-demi@>=0.14.5:
  version "0.14.5"
  resolved "http://registry.m.jd.com/vue-demi/download/vue-demi-0.14.5.tgz#676d0463d1a1266d5ab5cba932e043d8f5f2fbd9"
  integrity sha1-Z20EY9GhJm1atcupMuBD2PXy+9k=

vue@^3.3.4:
  version "3.3.4"
  resolved "http://registry.m.jd.com/vue/download/vue-3.3.4.tgz#8ed945d3873667df1d0fcf3b2463ada028f88bd6"
  integrity sha1-jtlF04c2Z98dD887JGOtoCj4i9Y=
  dependencies:
    "@vue/compiler-dom" "3.3.4"
    "@vue/compiler-sfc" "3.3.4"
    "@vue/runtime-dom" "3.3.4"
    "@vue/server-renderer" "3.3.4"
    "@vue/shared" "3.3.4"

which@^2.0.1:
  version "2.0.2"
  resolved "http://registry.m.jd.com/which/download/which-2.0.2.tgz#7c6a8dd0a636a0327e10b59c9286eee93f3f51b1"
  integrity sha1-fGqN0KY2oDJ+ELWckobu6T8/UbE=
  dependencies:
    isexe "^2.0.0"

word-wrap@^1.2.3:
  version "1.2.3"
  resolved "http://registry.m.jd.com/word-wrap/download/word-wrap-1.2.3.tgz#610636f6b1f703891bd34771ccb17fb93b47079c"
  integrity sha1-YQY29rH3A4kb00dxzLF/uTtHB5w=

wrappy@1:
  version "1.0.2"
  resolved "http://registry.m.jd.com/wrappy/download/wrappy-1.0.2.tgz#b5243d8f3ec1aa35f1364605bc0d1036e30ab69f"
  integrity sha1-tSQ9jz7BqjXxNkYFvA0QNuMKtp8=

yocto-queue@^0.1.0:
  version "0.1.0"
  resolved "http://registry.m.jd.com/yocto-queue/download/yocto-queue-0.1.0.tgz#0294eb3dee05028d31ee1a5fa2c556a6aaf10a1b"
  integrity sha1-ApTrPe4FAo0x7hpfosVWpqrxChs=

zustand@^4.3.8:
  version "4.3.9"
  resolved "http://registry.m.jd.com/zustand/download/zustand-4.3.9.tgz#a7d4332bbd75dfd25c6848180b3df1407217f2ad"
  integrity sha1-p9QzK71139JcaEgYCz3xQHIX8q0=
  dependencies:
    use-sync-external-store "1.2.0"
